{
  "name": "shitty js obfuscator",
  "lockfileVersion": 2,
  "requires": true,
  "packages": {
    "": {
      "dependencies": {
        "@types/node": "^14.14.37",
        "@types/randomstring": "^1.1.6",
        "js-tokens": "^6.0.0",
        "randomstring": "^1.1.5"
      }
    },
    "node_modules/@types/node": {
      "version": "14.14.37",
      "resolved": "https://registry.npmjs.org/@types/node/-/node-14.14.37.tgz",
      "integrity": "sha512-XYmBiy+ohOR4Lh5jE379fV2IU+6Jn4g5qASinhitfyO71b/sCo6MKsMLF5tc7Zf2CE8hViVQyYSobJNke8OvUw=="
    },
    "node_modules/@types/randomstring": {
      "version": "1.1.6",
      "resolved": "https://registry.npmjs.org/@types/randomstring/-/randomstring-1.1.6.tgz",
      "integrity": "sha512-XRIZIMTxjcUukqQcYBdpFWGbcRDyNBXrvTEtTYgFMIbBNUVt+9mCKsU+jUUDLeFO/RXopUgR5OLiBqbY18vSHQ=="
    },
    "node_modules/array-uniq": {
      "version": "1.0.2",
      "resolved": "https://registry.npmjs.org/array-uniq/-/array-uniq-1.0.2.tgz",
      "integrity": "sha1-X8w3OSB3VyPP1k1lxkvvU7+eum0=",
      "engines": {
        "node": ">=0.10.0"
      }
    },
    "node_modules/js-tokens": {
      "version": "6.0.0",
      "resolved": "https://registry.npmjs.org/js-tokens/-/js-tokens-6.0.0.tgz",
      "integrity": "sha512-QJUTLeNZNFl/w4MmhHztb1I1UzV42KV/L/zNwNVGlCNc+zl8g01Nve0hPDGU+j2N7ctFZdLot49lUSi78L7WGg=="
    },
    "node_modules/randomstring": {
      "version": "1.1.5",
      "resolved": "https://registry.npmjs.org/randomstring/-/randomstring-1.1.5.tgz",
      "integrity": "sha1-bfBij3XL1ZMpMNn+OrTpVqGFGMM=",
      "dependencies": {
        "array-uniq": "1.0.2"
      },
      "bin": {
        "randomstring": "bin/randomstring"
      },
      "engines": {
        "node": "*"
      }
    }
  },
  "dependencies": {
    "@types/node": {
      "version": "14.14.37",
      "resolved": "https://registry.npmjs.org/@types/node/-/node-14.14.37.tgz",
      "integrity": "sha512-XYmBiy+ohOR4Lh5jE379fV2IU+6Jn4g5qASinhitfyO71b/sCo6MKsMLF5tc7Zf2CE8hViVQyYSobJNke8OvUw=="
    },
    "@types/randomstring": {
      "version": "1.1.6",
      "resolved": "https://registry.npmjs.org/@types/randomstring/-/randomstring-1.1.6.tgz",
      "integrity": "sha512-XRIZIMTxjcUukqQcYBdpFWGbcRDyNBXrvTEtTYgFMIbBNUVt+9mCKsU+jUUDLeFO/RXopUgR5OLiBqbY18vSHQ=="
    },
    "array-uniq": {
      "version": "1.0.2",
      "resolved": "https://registry.npmjs.org/array-uniq/-/array-uniq-1.0.2.tgz",
      "integrity": "sha1-X8w3OSB3VyPP1k1lxkvvU7+eum0="
    },
    "js-tokens": {
      "version": "6.0.0",
      "resolved": "https://registry.npmjs.org/js-tokens/-/js-tokens-6.0.0.tgz",
      "integrity": "sha512-QJUTLeNZNFl/w4MmhHztb1I1UzV42KV/L/zNwNVGlCNc+zl8g01Nve0hPDGU+j2N7ctFZdLot49lUSi78L7WGg=="
    },
    "randomstring": {
      "version": "1.1.5",
      "resolved": "https://registry.npmjs.org/randomstring/-/randomstring-1.1.5.tgz",
      "integrity": "sha1-bfBij3XL1ZMpMNn+OrTpVqGFGMM=",
      "requires": {
        "array-uniq": "1.0.2"
      }
    }
  }
}
